
Microsoft Visual Studio Solution File, Format Version 12.00
# Visual Studio 15
VisualStudioVersion = 15.0.27130.2024
MinimumVisualStudioVersion = 10.0.40219.1
Project("{9A19103F-16F7-4668-BE54-9A1E7A4F7556}") = "CXO2", "Source\CXO2\CXO2.csproj", "{50A4BBF2-FA74-45D9-B38F-C3B80847060F}"
EndProject
Project("{2150E333-8FDC-42A3-9474-1A3956D46DE8}") = ".nuget", ".nuget", "{F5F04469-5937-4CAE-8E01-0BB8487AD49E}"
	ProjectSection(SolutionItems) = preProject
		.nuget\NuGet.Config = .nuget\NuGet.Config
	EndProjectSection
EndProject
Project("{FAE04EC0-301F-11D3-BF4B-00C04F79EFBC}") = "O2MusicBox", "Source\O2MusicBox\O2MusicBox.csproj", "{3C901A32-97B0-413E-A3A5-D32DB4F400A9}"
EndProject
Global
	GlobalSection(SolutionConfigurationPlatforms) = preSolution
		Debug|x64 = Debug|x64
		Debug|x86 = Debug|x86
		Release|x64 = Release|x64
		Release|x86 = Release|x86
	EndGlobalSection
	GlobalSection(ProjectConfigurationPlatforms) = postSolution
		{50A4BBF2-FA74-45D9-B38F-C3B80847060F}.Debug|x64.ActiveCfg = Debug|x64
		{50A4BBF2-FA74-45D9-B38F-C3B80847060F}.Debug|x64.Build.0 = Debug|x64
		{50A4BBF2-FA74-45D9-B38F-C3B80847060F}.Debug|x86.ActiveCfg = Debug|x86
		{50A4BBF2-FA74-45D9-B38F-C3B80847060F}.Debug|x86.Build.0 = Debug|x86
		{50A4BBF2-FA74-45D9-B38F-C3B80847060F}.Release|x64.ActiveCfg = Release|x64
		{50A4BBF2-FA74-45D9-B38F-C3B80847060F}.Release|x64.Build.0 = Release|x64
		{50A4BBF2-FA74-45D9-B38F-C3B80847060F}.Release|x86.ActiveCfg = Release|x86
		{50A4BBF2-FA74-45D9-B38F-C3B80847060F}.Release|x86.Build.0 = Release|x86
		{3C901A32-97B0-413E-A3A5-D32DB4F400A9}.Debug|x64.ActiveCfg = Debug|x64
		{3C901A32-97B0-413E-A3A5-D32DB4F400A9}.Debug|x64.Build.0 = Debug|x64
		{3C901A32-97B0-413E-A3A5-D32DB4F400A9}.Debug|x86.ActiveCfg = Debug|x86
		{3C901A32-97B0-413E-A3A5-D32DB4F400A9}.Debug|x86.Build.0 = Debug|x86
		{3C901A32-97B0-413E-A3A5-D32DB4F400A9}.Release|x64.ActiveCfg = Release|x64
		{3C901A32-97B0-413E-A3A5-D32DB4F400A9}.Release|x64.Build.0 = Release|x64
		{3C901A32-97B0-413E-A3A5-D32DB4F400A9}.Release|x86.ActiveCfg = Release|x86
		{3C901A32-97B0-413E-A3A5-D32DB4F400A9}.Release|x86.Build.0 = Release|x86
	EndGlobalSection
	GlobalSection(SolutionProperties) = preSolution
		HideSolutionNode = FALSE
	EndGlobalSection
	GlobalSection(ExtensibilityGlobals) = postSolution
		SolutionGuid = {5B356C24-2352-450A-97C1-913A454BA7C1}
	EndGlobalSection
EndGlobal
